
Microsoft Visual Studio Solution File, Format Version 12.00
# Visual Studio Version 17
VisualStudioVersion = 17.7.33913.275
MinimumVisualStudioVersion = 10.0.40219.1
Project("{FAE04EC0-301F-11D3-BF4B-00C04F79EFBC}") = "TiendaApi_Central", "TiendaApi_Central.csproj", "{39AADC3B-ABBA-4C4A-8BC8-4166E6E3593F}"
EndProject
Global
	GlobalSection(SolutionConfigurationPlatforms) = preSolution
		Debug|Any CPU = Debug|Any CPU
		Release|Any CPU = Release|Any CPU
	EndGlobalSection
	GlobalSection(ProjectConfigurationPlatforms) = postSolution
		{39AADC3B-ABBA-4C4A-8BC8-4166E6E3593F}.Debug|Any CPU.ActiveCfg = Debug|Any CPU
		{39AADC3B-ABBA-4C4A-8BC8-4166E6E3593F}.Debug|Any CPU.Build.0 = Debug|Any CPU
		{39AADC3B-ABBA-4C4A-8BC8-4166E6E3593F}.Release|Any CPU.ActiveCfg = Release|Any CPU
		{39AADC3B-ABBA-4C4A-8BC8-4166E6E3593F}.Release|Any CPU.Build.0 = Release|Any CPU
	EndGlobalSection
	GlobalSection(SolutionProperties) = preSolution
		HideSolutionNode = FALSE
	EndGlobalSection
	GlobalSection(ExtensibilityGlobals) = postSolution
		SolutionGuid = {A2F053A1-AE32-43D7-97B0-E0EFDC2BA131}
	EndGlobalSection
EndGlobal
